
Microsoft Visual Studio Solution File, Format Version 12.00
# Visual Studio Version 17
VisualStudioVersion = 17.14.36804.6 d17.14
MinimumVisualStudioVersion = 10.0.40219.1
Project("{FAE04EC0-301F-11D3-BF4B-00C04F79EFBC}") = "bai6_lab4", "bai6_lab4\bai6_lab4.csproj", "{7B62030B-5C7F-4D5C-9E2A-62AC8F5FBD85}"
EndProject
Global
	GlobalSection(SolutionConfigurationPlatforms) = preSolution
		Debug|Any CPU = Debug|Any CPU
		Release|Any CPU = Release|Any CPU
	EndGlobalSection
	GlobalSection(ProjectConfigurationPlatforms) = postSolution
		{7B62030B-5C7F-4D5C-9E2A-62AC8F5FBD85}.Debug|Any CPU.ActiveCfg = Debug|Any CPU
		{7B62030B-5C7F-4D5C-9E2A-62AC8F5FBD85}.Debug|Any CPU.Build.0 = Debug|Any CPU
		{7B62030B-5C7F-4D5C-9E2A-62AC8F5FBD85}.Release|Any CPU.ActiveCfg = Release|Any CPU
		{7B62030B-5C7F-4D5C-9E2A-62AC8F5FBD85}.Release|Any CPU.Build.0 = Release|Any CPU
	EndGlobalSection
	GlobalSection(SolutionProperties) = preSolution
		HideSolutionNode = FALSE
	EndGlobalSection
	GlobalSection(ExtensibilityGlobals) = postSolution
		SolutionGuid = {F7E151A2-742D-4581-82F6-DC6021A2E1B2}
	EndGlobalSection
EndGlobal
